
Microsoft Visual Studio Solution File, Format Version 12.00
# Visual Studio Version 17
VisualStudioVersion = 17.11.35222.181
MinimumVisualStudioVersion = 10.0.40219.1
Project("{FAE04EC0-301F-11D3-BF4B-00C04F79EFBC}") = "KoiCenter.WPF", "KoiCenter.WPF\KoiCenter.WPF.csproj", "{DAF5DF4F-2FC6-4443-BED1-8C0C05C47A83}"
EndProject
Global
	GlobalSection(SolutionConfigurationPlatforms) = preSolution
		Debug|Any CPU = Debug|Any CPU
		Release|Any CPU = Release|Any CPU
	EndGlobalSection
	GlobalSection(ProjectConfigurationPlatforms) = postSolution
		{DAF5DF4F-2FC6-4443-BED1-8C0C05C47A83}.Debug|Any CPU.ActiveCfg = Debug|Any CPU
		{DAF5DF4F-2FC6-4443-BED1-8C0C05C47A83}.Debug|Any CPU.Build.0 = Debug|Any CPU
		{DAF5DF4F-2FC6-4443-BED1-8C0C05C47A83}.Release|Any CPU.ActiveCfg = Release|Any CPU
		{DAF5DF4F-2FC6-4443-BED1-8C0C05C47A83}.Release|Any CPU.Build.0 = Release|Any CPU
	EndGlobalSection
	GlobalSection(SolutionProperties) = preSolution
		HideSolutionNode = FALSE
	EndGlobalSection
	GlobalSection(ExtensibilityGlobals) = postSolution
		SolutionGuid = {18763A03-12EE-41D9-B58B-304BAD7EED54}
	EndGlobalSection
EndGlobal
